
Microsoft Visual Studio Solution File, Format Version 12.00
# Visual Studio 15
VisualStudioVersion = 15.0.28307.1209
MinimumVisualStudioVersion = 10.0.40219.1
Project("{FAE04EC0-301F-11D3-BF4B-00C04F79EFBC}") = "ConnectProxy", "ConnectProxy\ConnectProxy.csproj", "{FE09B95E-1DFD-4CD5-A3FF-E6B41FA5D656}"
EndProject
Global
	GlobalSection(SolutionConfigurationPlatforms) = preSolution
		Debug|Any CPU = Debug|Any CPU
		Release|Any CPU = Release|Any CPU
	EndGlobalSection
	GlobalSection(ProjectConfigurationPlatforms) = postSolution
		{FE09B95E-1DFD-4CD5-A3FF-E6B41FA5D656}.Debug|Any CPU.ActiveCfg = Debug|Any CPU
		{FE09B95E-1DFD-4CD5-A3FF-E6B41FA5D656}.Debug|Any CPU.Build.0 = Debug|Any CPU
		{FE09B95E-1DFD-4CD5-A3FF-E6B41FA5D656}.Release|Any CPU.ActiveCfg = Release|Any CPU
		{FE09B95E-1DFD-4CD5-A3FF-E6B41FA5D656}.Release|Any CPU.Build.0 = Release|Any CPU
	EndGlobalSection
	GlobalSection(SolutionProperties) = preSolution
		HideSolutionNode = FALSE
	EndGlobalSection
	GlobalSection(ExtensibilityGlobals) = postSolution
		SolutionGuid = {305DF721-D56B-47D5-9FAE-F7FEF187104E}
	EndGlobalSection
EndGlobal
